// !$*UTF8*$!
{
	archiveVersion = 1;
	classes = {
	};
	objectVersion = 54;
	objects = {

/* Begin PBXBuildFile section */
		C50E761426B7C71900FB8C2C /* Comparable.swift in Sources */ = {isa = PBXBuildFile; fileRef = C50E761326B7C71900FB8C2C /* Comparable.swift */; };
		C50E761526B7C71900FB8C2C /* Comparable.swift in Sources */ = {isa = PBXBuildFile; fileRef = C50E761326B7C71900FB8C2C /* Comparable.swift */; };
		C50E761726B7CA6B00FB8C2C /* JoystickView.swift in Sources */ = {isa = PBXBuildFile; fileRef = C50E761626B7CA6B00FB8C2C /* JoystickView.swift */; };
		C50E761C26B83F2400FB8C2C /* Haptics.swift in Sources */ = {isa = PBXBuildFile; fileRef = C50E761B26B83F2400FB8C2C /* Haptics.swift */; };
		C50E761E26C4424D00FB8C2C /* ControllerProtocol.swift in Sources */ = {isa = PBXBuildFile; fileRef = C50E761D26C4424D00FB8C2C /* ControllerProtocol.swift */; };
		C50E761F26C4424D00FB8C2C /* ControllerProtocol.swift in Sources */ = {isa = PBXBuildFile; fileRef = C50E761D26C4424D00FB8C2C /* ControllerProtocol.swift */; };
		C51271B726D2B14300820249 /* Theme.swift in Sources */ = {isa = PBXBuildFile; fileRef = C51271B626D2B14300820249 /* Theme.swift */; };
		C51271B826D2B14300820249 /* Theme.swift in Sources */ = {isa = PBXBuildFile; fileRef = C51271B626D2B14300820249 /* Theme.swift */; };
		C51271BA26D2E61C00820249 /* NetworkingInstructionsView.swift in Sources */ = {isa = PBXBuildFile; fileRef = C51271B926D2E61C00820249 /* NetworkingInstructionsView.swift */; };
		C51271C026D2F9B200820249 /* Storage.swift in Sources */ = {isa = PBXBuildFile; fileRef = C51271BE26D2F9AF00820249 /* Storage.swift */; };
		C518B0D426D5E8480042A931 /* ControllerPlugView.swift in Sources */ = {isa = PBXBuildFile; fileRef = C518B0D326D5E8480042A931 /* ControllerPlugView.swift */; };
		C52528B326DAEFB000902B87 /* SettingsView.swift in Sources */ = {isa = PBXBuildFile; fileRef = C52528B226DAEFB000902B87 /* SettingsView.swift */; };
		C52A64C126DC02A1001A39C7 /* PingView.swift in Sources */ = {isa = PBXBuildFile; fileRef = C52A64C026DC02A1001A39C7 /* PingView.swift */; };
		C52A64C326DC1910001A39C7 /* ControllerView.swift in Sources */ = {isa = PBXBuildFile; fileRef = C52A64C226DC1910001A39C7 /* ControllerView.swift */; };
		C52A64C526DC1965001A39C7 /* GCButton.swift in Sources */ = {isa = PBXBuildFile; fileRef = C52A64C426DC1965001A39C7 /* GCButton.swift */; };
		C52A64C726DC199A001A39C7 /* PressAction.swift in Sources */ = {isa = PBXBuildFile; fileRef = C52A64C626DC199A001A39C7 /* PressAction.swift */; };
		C52CD4BA26C44C970081ABF5 /* ServerBrowserView.swift in Sources */ = {isa = PBXBuildFile; fileRef = C52CD4B926C44C970081ABF5 /* ServerBrowserView.swift */; };
		C52CD4BC26C459920081ABF5 /* ControllerFilePipe.swift in Sources */ = {isa = PBXBuildFile; fileRef = C52CD4BB26C459920081ABF5 /* ControllerFilePipe.swift */; };
		C52CD4BE26C7E2350081ABF5 /* EndpointWrapper.swift in Sources */ = {isa = PBXBuildFile; fileRef = C52CD4BD26C7E2350081ABF5 /* EndpointWrapper.swift */; };
		C52CD4BF26C7E2350081ABF5 /* EndpointWrapper.swift in Sources */ = {isa = PBXBuildFile; fileRef = C52CD4BD26C7E2350081ABF5 /* EndpointWrapper.swift */; };
		C52CD4C226C7F6DB0081ABF5 /* ControllerConnection.swift in Sources */ = {isa = PBXBuildFile; fileRef = C52CD4C026C7F6DB0081ABF5 /* ControllerConnection.swift */; };
		C52CD4C426C80B850081ABF5 /* LightView.swift in Sources */ = {isa = PBXBuildFile; fileRef = C52CD4C326C80B850081ABF5 /* LightView.swift */; };
		C53D555D26B43D4F00E1F75B /* Tests_iOS.swift in Sources */ = {isa = PBXBuildFile; fileRef = C53D555C26B43D4F00E1F75B /* Tests_iOS.swift */; };
		C53D556826B43D4F00E1F75B /* Tests_macOS.swift in Sources */ = {isa = PBXBuildFile; fileRef = C53D556726B43D4F00E1F75B /* Tests_macOS.swift */; };
		C53D556D26B43D4F00E1F75B /* ContentView.swift in Sources */ = {isa = PBXBuildFile; fileRef = C53D554226B43D4C00E1F75B /* ContentView.swift */; };
		C53D556E26B43D4F00E1F75B /* Assets.xcassets in Resources */ = {isa = PBXBuildFile; fileRef = C53D554326B43D4E00E1F75B /* Assets.xcassets */; };
		C53D556F26B43D4F00E1F75B /* Assets.xcassets in Resources */ = {isa = PBXBuildFile; fileRef = C53D554326B43D4E00E1F75B /* Assets.xcassets */; };
		C53D557F26B43E2500E1F75B /* DolphinControllerApp.swift in Sources */ = {isa = PBXBuildFile; fileRef = C53D557E26B43E1F00E1F75B /* DolphinControllerApp.swift */; };
		C53D558026B43E2B00E1F75B /* DolphinControllerApp.swift in Sources */ = {isa = PBXBuildFile; fileRef = C53D554126B43D4C00E1F75B /* DolphinControllerApp.swift */; };
		C53D558726B43F3C00E1F75B /* ObservableObject.swift in Sources */ = {isa = PBXBuildFile; fileRef = C53D558626B43F3C00E1F75B /* ObservableObject.swift */; };
		C53D558826B43F3C00E1F75B /* ObservableObject.swift in Sources */ = {isa = PBXBuildFile; fileRef = C53D558626B43F3C00E1F75B /* ObservableObject.swift */; };
		C53D558D26B4402E00E1F75B /* ContentView.swift in Sources */ = {isa = PBXBuildFile; fileRef = C53D558C26B4402E00E1F75B /* ContentView.swift */; };
		C53D559026B443D500E1F75B /* Networking.swift in Sources */ = {isa = PBXBuildFile; fileRef = C53D558F26B443D500E1F75B /* Networking.swift */; };
		C53D559126B443D500E1F75B /* Networking.swift in Sources */ = {isa = PBXBuildFile; fileRef = C53D558F26B443D500E1F75B /* Networking.swift */; };
		C53D55A226B5311900E1F75B /* Server.swift in Sources */ = {isa = PBXBuildFile; fileRef = C53D55A026B5311900E1F75B /* Server.swift */; };
		C53D55AB26B5362700E1F75B /* Client.swift in Sources */ = {isa = PBXBuildFile; fileRef = C53D55AA26B5362700E1F75B /* Client.swift */; };
		C54BE4AA26D495D500530927 /* PolygonShape.swift in Sources */ = {isa = PBXBuildFile; fileRef = C54BE4A926D495D500530927 /* PolygonShape.swift */; };
		C54BE4AB26D495D500530927 /* PolygonShape.swift in Sources */ = {isa = PBXBuildFile; fileRef = C54BE4A926D495D500530927 /* PolygonShape.swift */; };
		C55E1CB52B23C001005A98F5 /* WidgetKit.framework in Frameworks */ = {isa = PBXBuildFile; fileRef = C55E1CB42B23C001005A98F5 /* WidgetKit.framework */; };
		C55E1CB72B23C001005A98F5 /* SwiftUI.framework in Frameworks */ = {isa = PBXBuildFile; fileRef = C55E1CB62B23C001005A98F5 /* SwiftUI.framework */; };
		C55E1CC62B23C002005A98F5 /* WidgetExtensionExtension.appex in Embed Foundation Extensions */ = {isa = PBXBuildFile; fileRef = C55E1CB32B23C001005A98F5 /* WidgetExtensionExtension.appex */; settings = {ATTRIBUTES = (RemoveHeadersOnCopy, ); }; };
		C55E1CCB2B23C197005A98F5 /* Theme.swift in Sources */ = {isa = PBXBuildFile; fileRef = C51271B626D2B14300820249 /* Theme.swift */; };
		C55E1CCC2B23C39B005A98F5 /* GCButton.swift in Sources */ = {isa = PBXBuildFile; fileRef = C52A64C426DC1965001A39C7 /* GCButton.swift */; };
		C55E1CD12B23CD30005A98F5 /* ActivityManager.swift in Sources */ = {isa = PBXBuildFile; fileRef = C55E1CD02B23CD30005A98F5 /* ActivityManager.swift */; };
		C55E1CD82B23D68D005A98F5 /* Intents.swift in Sources */ = {isa = PBXBuildFile; fileRef = C55E1CD72B23D68D005A98F5 /* Intents.swift */; };
		C55E1CD92B23D68D005A98F5 /* Intents.swift in Sources */ = {isa = PBXBuildFile; fileRef = C55E1CD72B23D68D005A98F5 /* Intents.swift */; };
		C55E1CED2B269A68005A98F5 /* WidgetExtensionBundle.swift in Sources */ = {isa = PBXBuildFile; fileRef = C55E1CDD2B269976005A98F5 /* WidgetExtensionBundle.swift */; };
		C55E1CEE2B269A68005A98F5 /* ActivityAttributes.swift in Sources */ = {isa = PBXBuildFile; fileRef = C55E1CDC2B269976005A98F5 /* ActivityAttributes.swift */; };
		C55E1CEF2B269A68005A98F5 /* WidgetExtensionLiveActivity.swift in Sources */ = {isa = PBXBuildFile; fileRef = C55E1CDF2B269976005A98F5 /* WidgetExtensionLiveActivity.swift */; };
		C55E1CF12B269A68005A98F5 /* AppIntent.swift in Sources */ = {isa = PBXBuildFile; fileRef = C55E1CDE2B269976005A98F5 /* AppIntent.swift */; };
		C55E1CF22B269A68005A98F5 /* WidgetExtension.swift in Sources */ = {isa = PBXBuildFile; fileRef = C55E1CDB2B269976005A98F5 /* WidgetExtension.swift */; };
		C55E1CF32B269A6B005A98F5 /* ActivityAttributes.swift in Sources */ = {isa = PBXBuildFile; fileRef = C55E1CDC2B269976005A98F5 /* ActivityAttributes.swift */; };
		C5624F2626D3292B00ECD78A /* GCPadNew.ini in Resources */ = {isa = PBXBuildFile; fileRef = C5624F2526D3292B00ECD78A /* GCPadNew.ini */; };
		C59D538E28D6776B005AFEC8 /* IdleManager.swift in Sources */ = {isa = PBXBuildFile; fileRef = C59D538D28D6776B005AFEC8 /* IdleManager.swift */; };
		C59D539028D69A9E005AFEC8 /* HelpView.swift in Sources */ = {isa = PBXBuildFile; fileRef = C59D538F28D69A9E005AFEC8 /* HelpView.swift */; };
		C59D539228D781C9005AFEC8 /* README.md in Resources */ = {isa = PBXBuildFile; fileRef = C59D539128D781C9005AFEC8 /* README.md */; };
		C5F515452D46A2140015180F /* Skin.swift in Sources */ = {isa = PBXBuildFile; fileRef = C5F515442D46A2130015180F /* Skin.swift */; };
		C5F515462D46A3180015180F /* Skin.swift in Sources */ = {isa = PBXBuildFile; fileRef = C5F515442D46A2130015180F /* Skin.swift */; };
		C5F515492D46B3860015180F /* SkinSelector.swift in Sources */ = {isa = PBXBuildFile; fileRef = C5F515482D46B3840015180F /* SkinSelector.swift */; };
		C5F5154B2D46BF980015180F /* DolphinController.storekit in Resources */ = {isa = PBXBuildFile; fileRef = C5F5154A2D46BF980015180F /* DolphinController.storekit */; };
		C5F515502D46D86B0015180F /* ClearSkinView.swift in Sources */ = {isa = PBXBuildFile; fileRef = C5F5154F2D46D8670015180F /* ClearSkinView.swift */; };
		C5F515522D47116C0015180F /* SupportView.swift in Sources */ = {isa = PBXBuildFile; fileRef = C5F515512D4711690015180F /* SupportView.swift */; };
/* End PBXBuildFile section */

/* Begin PBXContainerItemProxy section */
		C53D555926B43D4F00E1F75B /* PBXContainerItemProxy */ = {
			isa = PBXContainerItemProxy;
			containerPortal = C53D553C26B43D4C00E1F75B /* Project object */;
			proxyType = 1;
			remoteGlobalIDString = C53D554726B43D4E00E1F75B;
			remoteInfo = "DolphinController (iOS)";
		};
		C53D556426B43D4F00E1F75B /* PBXContainerItemProxy */ = {
			isa = PBXContainerItemProxy;
			containerPortal = C53D553C26B43D4C00E1F75B /* Project object */;
			proxyType = 1;
			remoteGlobalIDString = C53D554F26B43D4F00E1F75B;
			remoteInfo = "DolphinController (macOS)";
		};
		C55E1CC42B23C002005A98F5 /* PBXContainerItemProxy */ = {
			isa = PBXContainerItemProxy;
			containerPortal = C53D553C26B43D4C00E1F75B /* Project object */;
			proxyType = 1;
			remoteGlobalIDString = C55E1CB22B23C001005A98F5;
			remoteInfo = WidgetExtensionExtension;
		};
/* End PBXContainerItemProxy section */

/* Begin PBXCopyFilesBuildPhase section */
		C55E1CC72B23C002005A98F5 /* Embed Foundation Extensions */ = {
			isa = PBXCopyFilesBuildPhase;
			buildActionMask = 2147483647;
			dstPath = "";
			dstSubfolderSpec = 13;
			files = (
				C55E1CC62B23C002005A98F5 /* WidgetExtensionExtension.appex in Embed Foundation Extensions */,
			);
			name = "Embed Foundation Extensions";
			runOnlyForDeploymentPostprocessing = 0;
		};
/* End PBXCopyFilesBuildPhase section */

/* Begin PBXFileReference section */
		C50E761326B7C71900FB8C2C /* Comparable.swift */ = {isa = PBXFileReference; lastKnownFileType = sourcecode.swift; path = Comparable.swift; sourceTree = "<group>"; };
		C50E761626B7CA6B00FB8C2C /* JoystickView.swift */ = {isa = PBXFileReference; lastKnownFileType = sourcecode.swift; path = JoystickView.swift; sourceTree = "<group>"; };
		C50E761B26B83F2400FB8C2C /* Haptics.swift */ = {isa = PBXFileReference; lastKnownFileType = sourcecode.swift; path = Haptics.swift; sourceTree = "<group>"; };
		C50E761D26C4424D00FB8C2C /* ControllerProtocol.swift */ = {isa = PBXFileReference; lastKnownFileType = sourcecode.swift; path = ControllerProtocol.swift; sourceTree = "<group>"; };
		C51271B626D2B14300820249 /* Theme.swift */ = {isa = PBXFileReference; lastKnownFileType = sourcecode.swift; path = Theme.swift; sourceTree = "<group>"; };
		C51271B926D2E61C00820249 /* NetworkingInstructionsView.swift */ = {isa = PBXFileReference; lastKnownFileType = sourcecode.swift; path = NetworkingInstructionsView.swift; sourceTree = "<group>"; };
		C51271BE26D2F9AF00820249 /* Storage.swift */ = {isa = PBXFileReference; lastKnownFileType = sourcecode.swift; path = Storage.swift; sourceTree = "<group>"; };
		C518B0D326D5E8480042A931 /* ControllerPlugView.swift */ = {isa = PBXFileReference; lastKnownFileType = sourcecode.swift; path = ControllerPlugView.swift; sourceTree = "<group>"; };
		C52528B226DAEFB000902B87 /* SettingsView.swift */ = {isa = PBXFileReference; lastKnownFileType = sourcecode.swift; path = SettingsView.swift; sourceTree = "<group>"; };
		C52A64C026DC02A1001A39C7 /* PingView.swift */ = {isa = PBXFileReference; lastKnownFileType = sourcecode.swift; path = PingView.swift; sourceTree = "<group>"; };
		C52A64C226DC1910001A39C7 /* ControllerView.swift */ = {isa = PBXFileReference; lastKnownFileType = sourcecode.swift; path = ControllerView.swift; sourceTree = "<group>"; };
		C52A64C426DC1965001A39C7 /* GCButton.swift */ = {isa = PBXFileReference; lastKnownFileType = sourcecode.swift; path = GCButton.swift; sourceTree = "<group>"; };
		C52A64C626DC199A001A39C7 /* PressAction.swift */ = {isa = PBXFileReference; lastKnownFileType = sourcecode.swift; path = PressAction.swift; sourceTree = "<group>"; };
		C52CD4B926C44C970081ABF5 /* ServerBrowserView.swift */ = {isa = PBXFileReference; lastKnownFileType = sourcecode.swift; path = ServerBrowserView.swift; sourceTree = "<group>"; };
		C52CD4BB26C459920081ABF5 /* ControllerFilePipe.swift */ = {isa = PBXFileReference; lastKnownFileType = sourcecode.swift; path = ControllerFilePipe.swift; sourceTree = "<group>"; };
		C52CD4BD26C7E2350081ABF5 /* EndpointWrapper.swift */ = {isa = PBXFileReference; lastKnownFileType = sourcecode.swift; path = EndpointWrapper.swift; sourceTree = "<group>"; };
		C52CD4C026C7F6DB0081ABF5 /* ControllerConnection.swift */ = {isa = PBXFileReference; lastKnownFileType = sourcecode.swift; path = ControllerConnection.swift; sourceTree = "<group>"; };
		C52CD4C326C80B850081ABF5 /* LightView.swift */ = {isa = PBXFileReference; lastKnownFileType = sourcecode.swift; path = LightView.swift; sourceTree = "<group>"; };
		C53D554126B43D4C00E1F75B /* DolphinControllerApp.swift */ = {isa = PBXFileReference; lastKnownFileType = sourcecode.swift; path = DolphinControllerApp.swift; sourceTree = "<group>"; };
		C53D554226B43D4C00E1F75B /* ContentView.swift */ = {isa = PBXFileReference; lastKnownFileType = sourcecode.swift; path = ContentView.swift; sourceTree = "<group>"; };
		C53D554326B43D4E00E1F75B /* Assets.xcassets */ = {isa = PBXFileReference; lastKnownFileType = folder.assetcatalog; path = Assets.xcassets; sourceTree = "<group>"; };
		C53D554826B43D4E00E1F75B /* Dolphin Ctrl.app */ = {isa = PBXFileReference; explicitFileType = wrapper.application; includeInIndex = 0; path = "Dolphin Ctrl.app"; sourceTree = BUILT_PRODUCTS_DIR; };
		C53D554B26B43D4E00E1F75B /* Info.plist */ = {isa = PBXFileReference; lastKnownFileType = text.plist.xml; path = Info.plist; sourceTree = "<group>"; };
		C53D555026B43D4F00E1F75B /* Dolphin Ctrl Server.app */ = {isa = PBXFileReference; explicitFileType = wrapper.application; includeInIndex = 0; path = "Dolphin Ctrl Server.app"; sourceTree = BUILT_PRODUCTS_DIR; };
		C53D555226B43D4F00E1F75B /* Info.plist */ = {isa = PBXFileReference; lastKnownFileType = text.plist.xml; path = Info.plist; sourceTree = "<group>"; };
		C53D555326B43D4F00E1F75B /* macOS.entitlements */ = {isa = PBXFileReference; lastKnownFileType = text.plist.entitlements; path = macOS.entitlements; sourceTree = "<group>"; };
		C53D555826B43D4F00E1F75B /* Tests iOS.xctest */ = {isa = PBXFileReference; explicitFileType = wrapper.cfbundle; includeInIndex = 0; path = "Tests iOS.xctest"; sourceTree = BUILT_PRODUCTS_DIR; };
		C53D555C26B43D4F00E1F75B /* Tests_iOS.swift */ = {isa = PBXFileReference; lastKnownFileType = sourcecode.swift; path = Tests_iOS.swift; sourceTree = "<group>"; };
		C53D555E26B43D4F00E1F75B /* Info.plist */ = {isa = PBXFileReference; lastKnownFileType = text.plist.xml; path = Info.plist; sourceTree = "<group>"; };
		C53D556326B43D4F00E1F75B /* Tests macOS.xctest */ = {isa = PBXFileReference; explicitFileType = wrapper.cfbundle; includeInIndex = 0; path = "Tests macOS.xctest"; sourceTree = BUILT_PRODUCTS_DIR; };
		C53D556726B43D4F00E1F75B /* Tests_macOS.swift */ = {isa = PBXFileReference; lastKnownFileType = sourcecode.swift; path = Tests_macOS.swift; sourceTree = "<group>"; };
		C53D556926B43D4F00E1F75B /* Info.plist */ = {isa = PBXFileReference; lastKnownFileType = text.plist.xml; path = Info.plist; sourceTree = "<group>"; };
		C53D557E26B43E1F00E1F75B /* DolphinControllerApp.swift */ = {isa = PBXFileReference; lastKnownFileType = sourcecode.swift; path = DolphinControllerApp.swift; sourceTree = "<group>"; };
		C53D558626B43F3C00E1F75B /* ObservableObject.swift */ = {isa = PBXFileReference; lastKnownFileType = sourcecode.swift; path = ObservableObject.swift; sourceTree = "<group>"; };
		C53D558C26B4402E00E1F75B /* ContentView.swift */ = {isa = PBXFileReference; lastKnownFileType = sourcecode.swift; path = ContentView.swift; sourceTree = "<group>"; };
		C53D558F26B443D500E1F75B /* Networking.swift */ = {isa = PBXFileReference; lastKnownFileType = sourcecode.swift; path = Networking.swift; sourceTree = "<group>"; };
		C53D55A026B5311900E1F75B /* Server.swift */ = {isa = PBXFileReference; lastKnownFileType = sourcecode.swift; path = Server.swift; sourceTree = "<group>"; };
		C53D55AA26B5362700E1F75B /* Client.swift */ = {isa = PBXFileReference; lastKnownFileType = sourcecode.swift; path = Client.swift; sourceTree = "<group>"; };
		C54BE4A926D495D500530927 /* PolygonShape.swift */ = {isa = PBXFileReference; lastKnownFileType = sourcecode.swift; path = PolygonShape.swift; sourceTree = "<group>"; };
		C55E1CB32B23C001005A98F5 /* WidgetExtensionExtension.appex */ = {isa = PBXFileReference; explicitFileType = "wrapper.app-extension"; includeInIndex = 0; path = WidgetExtensionExtension.appex; sourceTree = BUILT_PRODUCTS_DIR; };
		C55E1CB42B23C001005A98F5 /* WidgetKit.framework */ = {isa = PBXFileReference; lastKnownFileType = wrapper.framework; name = WidgetKit.framework; path = System/Library/Frameworks/WidgetKit.framework; sourceTree = SDKROOT; };
		C55E1CB62B23C001005A98F5 /* SwiftUI.framework */ = {isa = PBXFileReference; lastKnownFileType = wrapper.framework; name = SwiftUI.framework; path = System/Library/Frameworks/SwiftUI.framework; sourceTree = SDKROOT; };
		C55E1CD02B23CD30005A98F5 /* ActivityManager.swift */ = {isa = PBXFileReference; lastKnownFileType = sourcecode.swift; path = ActivityManager.swift; sourceTree = "<group>"; };
		C55E1CD72B23D68D005A98F5 /* Intents.swift */ = {isa = PBXFileReference; lastKnownFileType = sourcecode.swift; path = Intents.swift; sourceTree = "<group>"; };
		C55E1CDA2B269976005A98F5 /* Info.plist */ = {isa = PBXFileReference; fileEncoding = 4; lastKnownFileType = text.plist.xml; path = Info.plist; sourceTree = "<group>"; };
		C55E1CDB2B269976005A98F5 /* WidgetExtension.swift */ = {isa = PBXFileReference; fileEncoding = 4; lastKnownFileType = sourcecode.swift; path = WidgetExtension.swift; sourceTree = "<group>"; };
		C55E1CDC2B269976005A98F5 /* ActivityAttributes.swift */ = {isa = PBXFileReference; fileEncoding = 4; lastKnownFileType = sourcecode.swift; path = ActivityAttributes.swift; sourceTree = "<group>"; };
		C55E1CDD2B269976005A98F5 /* WidgetExtensionBundle.swift */ = {isa = PBXFileReference; fileEncoding = 4; lastKnownFileType = sourcecode.swift; path = WidgetExtensionBundle.swift; sourceTree = "<group>"; };
		C55E1CDE2B269976005A98F5 /* AppIntent.swift */ = {isa = PBXFileReference; fileEncoding = 4; lastKnownFileType = sourcecode.swift; path = AppIntent.swift; sourceTree = "<group>"; };
		C55E1CDF2B269976005A98F5 /* WidgetExtensionLiveActivity.swift */ = {isa = PBXFileReference; fileEncoding = 4; lastKnownFileType = sourcecode.swift; path = WidgetExtensionLiveActivity.swift; sourceTree = "<group>"; };
		C5624F2526D3292B00ECD78A /* GCPadNew.ini */ = {isa = PBXFileReference; lastKnownFileType = text; path = GCPadNew.ini; sourceTree = SOURCE_ROOT; };
		C59D538D28D6776B005AFEC8 /* IdleManager.swift */ = {isa = PBXFileReference; lastKnownFileType = sourcecode.swift; path = IdleManager.swift; sourceTree = "<group>"; };
		C59D538F28D69A9E005AFEC8 /* HelpView.swift */ = {isa = PBXFileReference; lastKnownFileType = sourcecode.swift; path = HelpView.swift; sourceTree = "<group>"; };
		C59D539128D781C9005AFEC8 /* README.md */ = {isa = PBXFileReference; fileEncoding = 4; lastKnownFileType = net.daringfireball.markdown; path = README.md; sourceTree = "<group>"; };
		C59D539328D781DA005AFEC8 /* CONTRIBUTING.md */ = {isa = PBXFileReference; lastKnownFileType = net.daringfireball.markdown; path = CONTRIBUTING.md; sourceTree = "<group>"; };
		C5F515442D46A2130015180F /* Skin.swift */ = {isa = PBXFileReference; lastKnownFileType = sourcecode.swift; path = Skin.swift; sourceTree = "<group>"; };
		C5F515482D46B3840015180F /* SkinSelector.swift */ = {isa = PBXFileReference; lastKnownFileType = sourcecode.swift; path = SkinSelector.swift; sourceTree = "<group>"; };
		C5F5154A2D46BF980015180F /* DolphinController.storekit */ = {isa = PBXFileReference; lastKnownFileType = text; path = DolphinController.storekit; sourceTree = "<group>"; };
		C5F5154F2D46D8670015180F /* ClearSkinView.swift */ = {isa = PBXFileReference; lastKnownFileType = sourcecode.swift; path = ClearSkinView.swift; sourceTree = "<group>"; };
		C5F515512D4711690015180F /* SupportView.swift */ = {isa = PBXFileReference; lastKnownFileType = sourcecode.swift; path = SupportView.swift; sourceTree = "<group>"; };
/* End PBXFileReference section */

/* Begin PBXFrameworksBuildPhase section */
		C53D554526B43D4E00E1F75B /* Frameworks */ = {
			isa = PBXFrameworksBuildPhase;
			buildActionMask = 2147483647;
			files = (
			);
			runOnlyForDeploymentPostprocessing = 0;
		};
		C53D554D26B43D4F00E1F75B /* Frameworks */ = {
			isa = PBXFrameworksBuildPhase;
			buildActionMask = 2147483647;
			files = (
			);
			runOnlyForDeploymentPostprocessing = 0;
		};
		C53D555526B43D4F00E1F75B /* Frameworks */ = {
			isa = PBXFrameworksBuildPhase;
			buildActionMask = 2147483647;
			files = (
			);
			runOnlyForDeploymentPostprocessing = 0;
		};
		C53D556026B43D4F00E1F75B /* Frameworks */ = {
			isa = PBXFrameworksBuildPhase;
			buildActionMask = 2147483647;
			files = (
			);
			runOnlyForDeploymentPostprocessing = 0;
		};
		C55E1CB02B23C001005A98F5 /* Frameworks */ = {
			isa = PBXFrameworksBuildPhase;
			buildActionMask = 2147483647;
			files = (
				C55E1CB72B23C001005A98F5 /* SwiftUI.framework in Frameworks */,
				C55E1CB52B23C001005A98F5 /* WidgetKit.framework in Frameworks */,
			);
			runOnlyForDeploymentPostprocessing = 0;
		};
/* End PBXFrameworksBuildPhase section */

/* Begin PBXGroup section */
		C50E761926B7CA8100FB8C2C /* Views */ = {
			isa = PBXGroup;
			children = (
				C5F515512D4711690015180F /* SupportView.swift */,
				C5F5154F2D46D8670015180F /* ClearSkinView.swift */,
				C5F515482D46B3840015180F /* SkinSelector.swift */,
				C52CD4C326C80B850081ABF5 /* LightView.swift */,
				C52A64C026DC02A1001A39C7 /* PingView.swift */,
				C52A64C426DC1965001A39C7 /* GCButton.swift */,
				C52A64C626DC199A001A39C7 /* PressAction.swift */,
				C52A64C226DC1910001A39C7 /* ControllerView.swift */,
				C53D558C26B4402E00E1F75B /* ContentView.swift */,
				C50E761626B7CA6B00FB8C2C /* JoystickView.swift */,
				C52CD4B926C44C970081ABF5 /* ServerBrowserView.swift */,
				C52528B226DAEFB000902B87 /* SettingsView.swift */,
				C59D538F28D69A9E005AFEC8 /* HelpView.swift */,
			);
			path = Views;
			sourceTree = "<group>";
		};
		C518B0D526D5EA620042A931 /* Views */ = {
			isa = PBXGroup;
			children = (
				C51271B926D2E61C00820249 /* NetworkingInstructionsView.swift */,
				C518B0D326D5E8480042A931 /* ControllerPlugView.swift */,
				C53D554226B43D4C00E1F75B /* ContentView.swift */,
			);
			path = Views;
			sourceTree = "<group>";
		};
		C53D553B26B43D4C00E1F75B = {
			isa = PBXGroup;
			children = (
				C59D539128D781C9005AFEC8 /* README.md */,
				C59D539328D781DA005AFEC8 /* CONTRIBUTING.md */,
				C53D554026B43D4C00E1F75B /* Shared */,
				C53D554A26B43D4E00E1F75B /* iOS */,
				C53D555126B43D4F00E1F75B /* macOS */,
				C53D555B26B43D4F00E1F75B /* Tests iOS */,
				C53D556626B43D4F00E1F75B /* Tests macOS */,
				C55E1CB82B23C001005A98F5 /* WidgetExtension */,
				C53D554926B43D4E00E1F75B /* Products */,
				C53D55A326B5332D00E1F75B /* Frameworks */,
			);
			sourceTree = "<group>";
		};
		C53D554026B43D4C00E1F75B /* Shared */ = {
			isa = PBXGroup;
			children = (
				C53D554326B43D4E00E1F75B /* Assets.xcassets */,
				C53D558526B43F2C00E1F75B /* Extensions */,
				C53D558F26B443D500E1F75B /* Networking.swift */,
				C50E761D26C4424D00FB8C2C /* ControllerProtocol.swift */,
				C52CD4BD26C7E2350081ABF5 /* EndpointWrapper.swift */,
				C51271B626D2B14300820249 /* Theme.swift */,
				C54BE4A926D495D500530927 /* PolygonShape.swift */,
			);
			path = Shared;
			sourceTree = "<group>";
		};
		C53D554926B43D4E00E1F75B /* Products */ = {
			isa = PBXGroup;
			children = (
				C53D554826B43D4E00E1F75B /* Dolphin Ctrl.app */,
				C53D555026B43D4F00E1F75B /* Dolphin Ctrl Server.app */,
				C53D555826B43D4F00E1F75B /* Tests iOS.xctest */,
				C53D556326B43D4F00E1F75B /* Tests macOS.xctest */,
				C55E1CB32B23C001005A98F5 /* WidgetExtensionExtension.appex */,
			);
			name = Products;
			sourceTree = "<group>";
		};
		C53D554A26B43D4E00E1F75B /* iOS */ = {
			isa = PBXGroup;
			children = (
				C5F515442D46A2130015180F /* Skin.swift */,
				C50E761926B7CA8100FB8C2C /* Views */,
				C53D554126B43D4C00E1F75B /* DolphinControllerApp.swift */,
				C51271BE26D2F9AF00820249 /* Storage.swift */,
				C5F5154A2D46BF980015180F /* DolphinController.storekit */,
				C50E761B26B83F2400FB8C2C /* Haptics.swift */,
				C53D55AA26B5362700E1F75B /* Client.swift */,
				C59D538D28D6776B005AFEC8 /* IdleManager.swift */,
				C55E1CD02B23CD30005A98F5 /* ActivityManager.swift */,
				C55E1CD72B23D68D005A98F5 /* Intents.swift */,
				C53D554B26B43D4E00E1F75B /* Info.plist */,
			);
			path = iOS;
			sourceTree = "<group>";
		};
		C53D555126B43D4F00E1F75B /* macOS */ = {
			isa = PBXGroup;
			children = (
				C518B0D526D5EA620042A931 /* Views */,
				C53D557E26B43E1F00E1F75B /* DolphinControllerApp.swift */,
				C53D55A026B5311900E1F75B /* Server.swift */,
				C52CD4C026C7F6DB0081ABF5 /* ControllerConnection.swift */,
				C52CD4BB26C459920081ABF5 /* ControllerFilePipe.swift */,
				C53D555226B43D4F00E1F75B /* Info.plist */,
				C5624F2526D3292B00ECD78A /* GCPadNew.ini */,
				C53D555326B43D4F00E1F75B /* macOS.entitlements */,
			);
			path = macOS;
			sourceTree = "<group>";
		};
		C53D555B26B43D4F00E1F75B /* Tests iOS */ = {
			isa = PBXGroup;
			children = (
				C53D555C26B43D4F00E1F75B /* Tests_iOS.swift */,
				C53D555E26B43D4F00E1F75B /* Info.plist */,
			);
			path = "Tests iOS";
			sourceTree = "<group>";
		};
		C53D556626B43D4F00E1F75B /* Tests macOS */ = {
			isa = PBXGroup;
			children = (
				C53D556726B43D4F00E1F75B /* Tests_macOS.swift */,
				C53D556926B43D4F00E1F75B /* Info.plist */,
			);
			path = "Tests macOS";
			sourceTree = "<group>";
		};
		C53D558526B43F2C00E1F75B /* Extensions */ = {
			isa = PBXGroup;
			children = (
				C53D558626B43F3C00E1F75B /* ObservableObject.swift */,
				C50E761326B7C71900FB8C2C /* Comparable.swift */,
			);
			path = Extensions;
			sourceTree = "<group>";
		};
		C53D55A326B5332D00E1F75B /* Frameworks */ = {
			isa = PBXGroup;
			children = (
				C55E1CB42B23C001005A98F5 /* WidgetKit.framework */,
				C55E1CB62B23C001005A98F5 /* SwiftUI.framework */,
			);
			name = Frameworks;
			sourceTree = "<group>";
		};
		C55E1CB82B23C001005A98F5 /* WidgetExtension */ = {
			isa = PBXGroup;
			children = (
				C55E1CDC2B269976005A98F5 /* ActivityAttributes.swift */,
				C55E1CDE2B269976005A98F5 /* AppIntent.swift */,
				C55E1CDB2B269976005A98F5 /* WidgetExtension.swift */,
				C55E1CDD2B269976005A98F5 /* WidgetExtensionBundle.swift */,
				C55E1CDF2B269976005A98F5 /* WidgetExtensionLiveActivity.swift */,
				C55E1CDA2B269976005A98F5 /* Info.plist */,
			);
			path = WidgetExtension;
			sourceTree = "<group>";
		};
/* End PBXGroup section */

/* Begin PBXNativeTarget section */
		C53D554726B43D4E00E1F75B /* DolphinController (iOS) */ = {
			isa = PBXNativeTarget;
			buildConfigurationList = C53D557226B43D4F00E1F75B /* Build configuration list for PBXNativeTarget "DolphinController (iOS)" */;
			buildPhases = (
				C53D554426B43D4E00E1F75B /* Sources */,
				C53D554526B43D4E00E1F75B /* Frameworks */,
				C53D554626B43D4E00E1F75B /* Resources */,
				C55E1CC72B23C002005A98F5 /* Embed Foundation Extensions */,
			);
			buildRules = (
			);
			dependencies = (
				C55E1CC52B23C002005A98F5 /* PBXTargetDependency */,
			);
			name = "DolphinController (iOS)";
			packageProductDependencies = (
			);
			productName = "DolphinController (iOS)";
			productReference = C53D554826B43D4E00E1F75B /* Dolphin Ctrl.app */;
			productType = "com.apple.product-type.application";
		};
		C53D554F26B43D4F00E1F75B /* DolphinController (macOS) */ = {
			isa = PBXNativeTarget;
			buildConfigurationList = C53D557526B43D4F00E1F75B /* Build configuration list for PBXNativeTarget "DolphinController (macOS)" */;
			buildPhases = (
				C53D554C26B43D4F00E1F75B /* Sources */,
				C53D554D26B43D4F00E1F75B /* Frameworks */,
				C53D554E26B43D4F00E1F75B /* Resources */,
			);
			buildRules = (
			);
			dependencies = (
			);
			name = "DolphinController (macOS)";
			packageProductDependencies = (
			);
			productName = "DolphinController (macOS)";
			productReference = C53D555026B43D4F00E1F75B /* Dolphin Ctrl Server.app */;
			productType = "com.apple.product-type.application";
		};
		C53D555726B43D4F00E1F75B /* Tests iOS */ = {
			isa = PBXNativeTarget;
			buildConfigurationList = C53D557826B43D4F00E1F75B /* Build configuration list for PBXNativeTarget "Tests iOS" */;
			buildPhases = (
				C53D555426B43D4F00E1F75B /* Sources */,
				C53D555526B43D4F00E1F75B /* Frameworks */,
				C53D555626B43D4F00E1F75B /* Resources */,
			);
			buildRules = (
			);
			dependencies = (
				C53D555A26B43D4F00E1F75B /* PBXTargetDependency */,
			);
			name = "Tests iOS";
			productName = "Tests iOS";
			productReference = C53D555826B43D4F00E1F75B /* Tests iOS.xctest */;
			productType = "com.apple.product-type.bundle.ui-testing";
		};
		C53D556226B43D4F00E1F75B /* Tests macOS */ = {
			isa = PBXNativeTarget;
			buildConfigurationList = C53D557B26B43D4F00E1F75B /* Build configuration list for PBXNativeTarget "Tests macOS" */;
			buildPhases = (
				C53D555F26B43D4F00E1F75B /* Sources */,
				C53D556026B43D4F00E1F75B /* Frameworks */,
				C53D556126B43D4F00E1F75B /* Resources */,
			);
			buildRules = (
			);
			dependencies = (
				C53D556526B43D4F00E1F75B /* PBXTargetDependency */,
			);
			name = "Tests macOS";
			productName = "Tests macOS";
			productReference = C53D556326B43D4F00E1F75B /* Tests macOS.xctest */;
			productType = "com.apple.product-type.bundle.ui-testing";
		};
		C55E1CB22B23C001005A98F5 /* WidgetExtensionExtension */ = {
			isa = PBXNativeTarget;
			buildConfigurationList = C55E1CCA2B23C002005A98F5 /* Build configuration list for PBXNativeTarget "WidgetExtensionExtension" */;
			buildPhases = (
				C55E1CAF2B23C001005A98F5 /* Sources */,
				C55E1CB02B23C001005A98F5 /* Frameworks */,
				C55E1CB12B23C001005A98F5 /* Resources */,
			);
			buildRules = (
			);
			dependencies = (
			);
			name = WidgetExtensionExtension;
			productName = WidgetExtensionExtension;
			productReference = C55E1CB32B23C001005A98F5 /* WidgetExtensionExtension.appex */;
			productType = "com.apple.product-type.app-extension";
		};
/* End PBXNativeTarget section */

/* Begin PBXProject section */
		C53D553C26B43D4C00E1F75B /* Project object */ = {
			isa = PBXProject;
			attributes = {
				BuildIndependentTargetsInParallel = YES;
				LastSwiftUpdateCheck = 1500;
				LastUpgradeCheck = 1500;
				TargetAttributes = {
					C53D554726B43D4E00E1F75B = {
						CreatedOnToolsVersion = 12.5.1;
					};
					C53D554F26B43D4F00E1F75B = {
						CreatedOnToolsVersion = 12.5.1;
					};
					C53D555726B43D4F00E1F75B = {
						CreatedOnToolsVersion = 12.5.1;
						TestTargetID = C53D554726B43D4E00E1F75B;
					};
					C53D556226B43D4F00E1F75B = {
						CreatedOnToolsVersion = 12.5.1;
						TestTargetID = C53D554F26B43D4F00E1F75B;
					};
					C55E1CB22B23C001005A98F5 = {
						CreatedOnToolsVersion = 15.0.1;
					};
				};
			};
			buildConfigurationList = C53D553F26B43D4C00E1F75B /* Build configuration list for PBXProject "DolphinController" */;
			compatibilityVersion = "Xcode 9.3";
			developmentRegion = en;
			hasScannedForEncodings = 0;
			knownRegions = (
				en,
				Base,
			);
			mainGroup = C53D553B26B43D4C00E1F75B;
			packageReferences = (
			);
			productRefGroup = C53D554926B43D4E00E1F75B /* Products */;
			projectDirPath = "";
			projectRoot = "";
			targets = (
				C53D554726B43D4E00E1F75B /* DolphinController (iOS) */,
				C53D554F26B43D4F00E1F75B /* DolphinController (macOS) */,
				C53D555726B43D4F00E1F75B /* Tests iOS */,
				C53D556226B43D4F00E1F75B /* Tests macOS */,
				C55E1CB22B23C001005A98F5 /* WidgetExtensionExtension */,
			);
		};
/* End PBXProject section */

/* Begin PBXResourcesBuildPhase section */
		C53D554626B43D4E00E1F75B /* Resources */ = {
			isa = PBXResourcesBuildPhase;
			buildActionMask = 2147483647;
			files = (
				C59D539228D781C9005AFEC8 /* README.md in Resources */,
				C53D556E26B43D4F00E1F75B /* Assets.xcassets in Resources */,
				C5F5154B2D46BF980015180F /* DolphinController.storekit in Resources */,
			);
			runOnlyForDeploymentPostprocessing = 0;
		};
		C53D554E26B43D4F00E1F75B /* Resources */ = {
			isa = PBXResourcesBuildPhase;
			buildActionMask = 2147483647;
			files = (
				C53D556F26B43D4F00E1F75B /* Assets.xcassets in Resources */,
				C5624F2626D3292B00ECD78A /* GCPadNew.ini in Resources */,
			);
			runOnlyForDeploymentPostprocessing = 0;
		};
		C53D555626B43D4F00E1F75B /* Resources */ = {
			isa = PBXResourcesBuildPhase;
			buildActionMask = 2147483647;
			files = (
			);
			runOnlyForDeploymentPostprocessing = 0;
		};
		C53D556126B43D4F00E1F75B /* Resources */ = {
			isa = PBXResourcesBuildPhase;
			buildActionMask = 2147483647;
			files = (
			);
			runOnlyForDeploymentPostprocessing = 0;
		};
		C55E1CB12B23C001005A98F5 /* Resources */ = {
			isa = PBXResourcesBuildPhase;
			buildActionMask = 2147483647;
			files = (
			);
			runOnlyForDeploymentPostprocessing = 0;
		};
/* End PBXResourcesBuildPhase section */

/* Begin PBXSourcesBuildPhase section */
		C53D554426B43D4E00E1F75B /* Sources */ = {
			isa = PBXSourcesBuildPhase;
			buildActionMask = 2147483647;
			files = (
				C53D558026B43E2B00E1F75B /* DolphinControllerApp.swift in Sources */,
				C52CD4C426C80B850081ABF5 /* LightView.swift in Sources */,
				C52A64C326DC1910001A39C7 /* ControllerView.swift in Sources */,
				C53D559026B443D500E1F75B /* Networking.swift in Sources */,
				C50E761C26B83F2400FB8C2C /* Haptics.swift in Sources */,
				C5F515492D46B3860015180F /* SkinSelector.swift in Sources */,
				C53D558D26B4402E00E1F75B /* ContentView.swift in Sources */,
				C55E1CD12B23CD30005A98F5 /* ActivityManager.swift in Sources */,
				C54BE4AA26D495D500530927 /* PolygonShape.swift in Sources */,
				C50E761426B7C71900FB8C2C /* Comparable.swift in Sources */,
				C52CD4BE26C7E2350081ABF5 /* EndpointWrapper.swift in Sources */,
				C52A64C526DC1965001A39C7 /* GCButton.swift in Sources */,
				C55E1CD82B23D68D005A98F5 /* Intents.swift in Sources */,
				C50E761E26C4424D00FB8C2C /* ControllerProtocol.swift in Sources */,
				C52A64C726DC199A001A39C7 /* PressAction.swift in Sources */,
				C52528B326DAEFB000902B87 /* SettingsView.swift in Sources */,
				C52A64C126DC02A1001A39C7 /* PingView.swift in Sources */,
				C5F515502D46D86B0015180F /* ClearSkinView.swift in Sources */,
				C51271B726D2B14300820249 /* Theme.swift in Sources */,
				C51271C026D2F9B200820249 /* Storage.swift in Sources */,
				C59D539028D69A9E005AFEC8 /* HelpView.swift in Sources */,
				C53D558726B43F3C00E1F75B /* ObservableObject.swift in Sources */,
				C5F515452D46A2140015180F /* Skin.swift in Sources */,
				C59D538E28D6776B005AFEC8 /* IdleManager.swift in Sources */,
				C52CD4BA26C44C970081ABF5 /* ServerBrowserView.swift in Sources */,
				C55E1CF32B269A6B005A98F5 /* ActivityAttributes.swift in Sources */,
				C50E761726B7CA6B00FB8C2C /* JoystickView.swift in Sources */,
				C5F515522D47116C0015180F /* SupportView.swift in Sources */,
				C53D55AB26B5362700E1F75B /* Client.swift in Sources */,
			);
			runOnlyForDeploymentPostprocessing = 0;
		};
		C53D554C26B43D4F00E1F75B /* Sources */ = {
			isa = PBXSourcesBuildPhase;
			buildActionMask = 2147483647;
			files = (
				C53D558826B43F3C00E1F75B /* ObservableObject.swift in Sources */,
				C54BE4AB26D495D500530927 /* PolygonShape.swift in Sources */,
				C51271B826D2B14300820249 /* Theme.swift in Sources */,
				C52CD4BC26C459920081ABF5 /* ControllerFilePipe.swift in Sources */,
				C51271BA26D2E61C00820249 /* NetworkingInstructionsView.swift in Sources */,
				C50E761F26C4424D00FB8C2C /* ControllerProtocol.swift in Sources */,
				C53D557F26B43E2500E1F75B /* DolphinControllerApp.swift in Sources */,
				C50E761526B7C71900FB8C2C /* Comparable.swift in Sources */,
				C52CD4BF26C7E2350081ABF5 /* EndpointWrapper.swift in Sources */,
				C53D556D26B43D4F00E1F75B /* ContentView.swift in Sources */,
				C53D55A226B5311900E1F75B /* Server.swift in Sources */,
				C53D559126B443D500E1F75B /* Networking.swift in Sources */,
				C518B0D426D5E8480042A931 /* ControllerPlugView.swift in Sources */,
				C52CD4C226C7F6DB0081ABF5 /* ControllerConnection.swift in Sources */,
				C5F515462D46A3180015180F /* Skin.swift in Sources */,
			);
			runOnlyForDeploymentPostprocessing = 0;
		};
		C53D555426B43D4F00E1F75B /* Sources */ = {
			isa = PBXSourcesBuildPhase;
			buildActionMask = 2147483647;
			files = (
				C53D555D26B43D4F00E1F75B /* Tests_iOS.swift in Sources */,
			);
			runOnlyForDeploymentPostprocessing = 0;
		};
		C53D555F26B43D4F00E1F75B /* Sources */ = {
			isa = PBXSourcesBuildPhase;
			buildActionMask = 2147483647;
			files = (
				C53D556826B43D4F00E1F75B /* Tests_macOS.swift in Sources */,
			);
			runOnlyForDeploymentPostprocessing = 0;
		};
		C55E1CAF2B23C001005A98F5 /* Sources */ = {
			isa = PBXSourcesBuildPhase;
			buildActionMask = 2147483647;
			files = (
				C55E1CCB2B23C197005A98F5 /* Theme.swift in Sources */,
				C55E1CF22B269A68005A98F5 /* WidgetExtension.swift in Sources */,
				C55E1CED2B269A68005A98F5 /* WidgetExtensionBundle.swift in Sources */,
				C55E1CEE2B269A68005A98F5 /* ActivityAttributes.swift in Sources */,
				C55E1CCC2B23C39B005A98F5 /* GCButton.swift in Sources */,
				C55E1CF12B269A68005A98F5 /* AppIntent.swift in Sources */,
				C55E1CEF2B269A68005A98F5 /* WidgetExtensionLiveActivity.swift in Sources */,
				C55E1CD92B23D68D005A98F5 /* Intents.swift in Sources */,
			);
			runOnlyForDeploymentPostprocessing = 0;
		};
/* End PBXSourcesBuildPhase section */

/* Begin PBXTargetDependency section */
		C53D555A26B43D4F00E1F75B /* PBXTargetDependency */ = {
			isa = PBXTargetDependency;
			target = C53D554726B43D4E00E1F75B /* DolphinController (iOS) */;
			targetProxy = C53D555926B43D4F00E1F75B /* PBXContainerItemProxy */;
		};
		C53D556526B43D4F00E1F75B /* PBXTargetDependency */ = {
			isa = PBXTargetDependency;
			target = C53D554F26B43D4F00E1F75B /* DolphinController (macOS) */;
			targetProxy = C53D556426B43D4F00E1F75B /* PBXContainerItemProxy */;
		};
		C55E1CC52B23C002005A98F5 /* PBXTargetDependency */ = {
			isa = PBXTargetDependency;
			target = C55E1CB22B23C001005A98F5 /* WidgetExtensionExtension */;
			targetProxy = C55E1CC42B23C002005A98F5 /* PBXContainerItemProxy */;
		};
/* End PBXTargetDependency section */

/* Begin XCBuildConfiguration section */
		C53D557026B43D4F00E1F75B /* Debug */ = {
			isa = XCBuildConfiguration;
			buildSettings = {
				ALWAYS_SEARCH_USER_PATHS = NO;
				CLANG_ANALYZER_NONNULL = YES;
				CLANG_ANALYZER_NUMBER_OBJECT_CONVERSION = YES_AGGRESSIVE;
				CLANG_CXX_LANGUAGE_STANDARD = "gnu++14";
				CLANG_CXX_LIBRARY = "libc++";
				CLANG_ENABLE_MODULES = YES;
				CLANG_ENABLE_OBJC_ARC = YES;
				CLANG_ENABLE_OBJC_WEAK = YES;
				CLANG_WARN_BLOCK_CAPTURE_AUTORELEASING = YES;
				CLANG_WARN_BOOL_CONVERSION = YES;
				CLANG_WARN_COMMA = YES;
				CLANG_WARN_CONSTANT_CONVERSION = YES;
				CLANG_WARN_DEPRECATED_OBJC_IMPLEMENTATIONS = YES;
				CLANG_WARN_DIRECT_OBJC_ISA_USAGE = YES_ERROR;
				CLANG_WARN_DOCUMENTATION_COMMENTS = YES;
				CLANG_WARN_EMPTY_BODY = YES;
				CLANG_WARN_ENUM_CONVERSION = YES;
				CLANG_WARN_INFINITE_RECURSION = YES;
				CLANG_WARN_INT_CONVERSION = YES;
				CLANG_WARN_NON_LITERAL_NULL_CONVERSION = YES;
				CLANG_WARN_OBJC_IMPLICIT_RETAIN_SELF = YES;
				CLANG_WARN_OBJC_LITERAL_CONVERSION = YES;
				CLANG_WARN_OBJC_ROOT_CLASS = YES_ERROR;
				CLANG_WARN_QUOTED_INCLUDE_IN_FRAMEWORK_HEADER = YES;
				CLANG_WARN_RANGE_LOOP_ANALYSIS = YES;
				CLANG_WARN_STRICT_PROTOTYPES = YES;
				CLANG_WARN_SUSPICIOUS_MOVE = YES;
				CLANG_WARN_UNGUARDED_AVAILABILITY = YES_AGGRESSIVE;
				CLANG_WARN_UNREACHABLE_CODE = YES;
				CLANG_WARN__DUPLICATE_METHOD_MATCH = YES;
				COPY_PHASE_STRIP = NO;
				DEAD_CODE_STRIPPING = YES;
				DEBUG_INFORMATION_FORMAT = dwarf;
				ENABLE_STRICT_OBJC_MSGSEND = YES;
				ENABLE_TESTABILITY = YES;
				ENABLE_USER_SCRIPT_SANDBOXING = YES;
				GCC_C_LANGUAGE_STANDARD = gnu11;
				GCC_DYNAMIC_NO_PIC = NO;
				GCC_NO_COMMON_BLOCKS = YES;
				GCC_OPTIMIZATION_LEVEL = 0;
				GCC_PREPROCESSOR_DEFINITIONS = (
					"DEBUG=1",
					"$(inherited)",
				);
				GCC_WARN_64_TO_32_BIT_CONVERSION = YES;
				GCC_WARN_ABOUT_RETURN_TYPE = YES_ERROR;
				GCC_WARN_UNDECLARED_SELECTOR = YES;
				GCC_WARN_UNINITIALIZED_AUTOS = YES_AGGRESSIVE;
				GCC_WARN_UNUSED_FUNCTION = YES;
				GCC_WARN_UNUSED_VARIABLE = YES;
				MTL_ENABLE_DEBUG_INFO = INCLUDE_SOURCE;
				MTL_FAST_MATH = YES;
				ONLY_ACTIVE_ARCH = YES;
				SWIFT_ACTIVE_COMPILATION_CONDITIONS = DEBUG;
				SWIFT_OPTIMIZATION_LEVEL = "-Onone";
			};
			name = Debug;
		};
		C53D557126B43D4F00E1F75B /* Release */ = {
			isa = XCBuildConfiguration;
			buildSettings = {
				ALWAYS_SEARCH_USER_PATHS = NO;
				CLANG_ANALYZER_NONNULL = YES;
				CLANG_ANALYZER_NUMBER_OBJECT_CONVERSION = YES_AGGRESSIVE;
				CLANG_CXX_LANGUAGE_STANDARD = "gnu++14";
				CLANG_CXX_LIBRARY = "libc++";
				CLANG_ENABLE_MODULES = YES;
				CLANG_ENABLE_OBJC_ARC = YES;
				CLANG_ENABLE_OBJC_WEAK = YES;
				CLANG_WARN_BLOCK_CAPTURE_AUTORELEASING = YES;
				CLANG_WARN_BOOL_CONVERSION = YES;
				CLANG_WARN_COMMA = YES;
				CLANG_WARN_CONSTANT_CONVERSION = YES;
				CLANG_WARN_DEPRECATED_OBJC_IMPLEMENTATIONS = YES;
				CLANG_WARN_DIRECT_OBJC_ISA_USAGE = YES_ERROR;
				CLANG_WARN_DOCUMENTATION_COMMENTS = YES;
				CLANG_WARN_EMPTY_BODY = YES;
				CLANG_WARN_ENUM_CONVERSION = YES;
				CLANG_WARN_INFINITE_RECURSION = YES;
				CLANG_WARN_INT_CONVERSION = YES;
				CLANG_WARN_NON_LITERAL_NULL_CONVERSION = YES;
				CLANG_WARN_OBJC_IMPLICIT_RETAIN_SELF = YES;
				CLANG_WARN_OBJC_LITERAL_CONVERSION = YES;
				CLANG_WARN_OBJC_ROOT_CLASS = YES_ERROR;
				CLANG_WARN_QUOTED_INCLUDE_IN_FRAMEWORK_HEADER = YES;
				CLANG_WARN_RANGE_LOOP_ANALYSIS = YES;
				CLANG_WARN_STRICT_PROTOTYPES = YES;
				CLANG_WARN_SUSPICIOUS_MOVE = YES;
				CLANG_WARN_UNGUARDED_AVAILABILITY = YES_AGGRESSIVE;
				CLANG_WARN_UNREACHABLE_CODE = YES;
				CLANG_WARN__DUPLICATE_METHOD_MATCH = YES;
				COPY_PHASE_STRIP = NO;
				DEAD_CODE_STRIPPING = YES;
				DEBUG_INFORMATION_FORMAT = "dwarf-with-dsym";
				ENABLE_NS_ASSERTIONS = NO;
				ENABLE_STRICT_OBJC_MSGSEND = YES;
				ENABLE_USER_SCRIPT_SANDBOXING = YES;
				GCC_C_LANGUAGE_STANDARD = gnu11;
				GCC_NO_COMMON_BLOCKS = YES;
				GCC_WARN_64_TO_32_BIT_CONVERSION = YES;
				GCC_WARN_ABOUT_RETURN_TYPE = YES_ERROR;
				GCC_WARN_UNDECLARED_SELECTOR = YES;
				GCC_WARN_UNINITIALIZED_AUTOS = YES_AGGRESSIVE;
				GCC_WARN_UNUSED_FUNCTION = YES;
				GCC_WARN_UNUSED_VARIABLE = YES;
				MTL_ENABLE_DEBUG_INFO = NO;
				MTL_FAST_MATH = YES;
				SWIFT_COMPILATION_MODE = wholemodule;
				SWIFT_OPTIMIZATION_LEVEL = "-O";
			};
			name = Release;
		};
		C53D557326B43D4F00E1F75B /* Debug */ = {
			isa = XCBuildConfiguration;
			buildSettings = {
				ALWAYS_EMBED_SWIFT_STANDARD_LIBRARIES = YES;
				ASSETCATALOG_COMPILER_ALTERNATE_APPICON_NAMES = "";
				ASSETCATALOG_COMPILER_APPICON_NAME = AppIcon;
				ASSETCATALOG_COMPILER_GLOBAL_ACCENT_COLOR_NAME = AccentColor;
				ASSETCATALOG_COMPILER_INCLUDE_ALL_APPICON_ASSETS = YES;
				CODE_SIGN_STYLE = Automatic;
				DEVELOPMENT_TEAM = 6D9DLTQJSN;
				ENABLE_PREVIEWS = YES;
				INFOPLIST_FILE = iOS/Info.plist;
				IPHONEOS_DEPLOYMENT_TARGET = 14.0;
				LD_RUNPATH_SEARCH_PATHS = (
					"$(inherited)",
					"@executable_path/Frameworks",
				);
				PRODUCT_BUNDLE_IDENTIFIER = com.camlittle.DolphinController;
				PRODUCT_NAME = "Dolphin Ctrl";
				SDKROOT = iphoneos;
				SWIFT_VERSION = 5.0;
				TARGETED_DEVICE_FAMILY = "1,2";
			};
			name = Debug;
		};
		C53D557426B43D4F00E1F75B /* Release */ = {
			isa = XCBuildConfiguration;
			buildSettings = {
				ALWAYS_EMBED_SWIFT_STANDARD_LIBRARIES = YES;
				ASSETCATALOG_COMPILER_ALTERNATE_APPICON_NAMES = "";
				ASSETCATALOG_COMPILER_APPICON_NAME = AppIcon;
				ASSETCATALOG_COMPILER_GLOBAL_ACCENT_COLOR_NAME = AccentColor;
				ASSETCATALOG_COMPILER_INCLUDE_ALL_APPICON_ASSETS = YES;
				CODE_SIGN_STYLE = Automatic;
				DEVELOPMENT_TEAM = 6D9DLTQJSN;
				ENABLE_PREVIEWS = YES;
				INFOPLIST_FILE = iOS/Info.plist;
				IPHONEOS_DEPLOYMENT_TARGET = 14.0;
				LD_RUNPATH_SEARCH_PATHS = (
					"$(inherited)",
					"@executable_path/Frameworks",
				);
				PRODUCT_BUNDLE_IDENTIFIER = com.camlittle.DolphinController;
				PRODUCT_NAME = "Dolphin Ctrl";
				SDKROOT = iphoneos;
				SWIFT_VERSION = 5.0;
				TARGETED_DEVICE_FAMILY = "1,2";
				VALIDATE_PRODUCT = YES;
			};
			name = Release;
		};
		C53D557626B43D4F00E1F75B /* Debug */ = {
			isa = XCBuildConfiguration;
			buildSettings = {
				ASSETCATALOG_COMPILER_APPICON_NAME = AppIcon;
				ASSETCATALOG_COMPILER_GLOBAL_ACCENT_COLOR_NAME = AccentColor;
				CODE_SIGN_ENTITLEMENTS = macOS/macOS.entitlements;
				CODE_SIGN_STYLE = Automatic;
				COMBINE_HIDPI_IMAGES = YES;
				DEAD_CODE_STRIPPING = YES;
				DEVELOPMENT_TEAM = 6D9DLTQJSN;
				ENABLE_HARDENED_RUNTIME = YES;
				ENABLE_PREVIEWS = YES;
				INFOPLIST_FILE = macOS/Info.plist;
				LD_RUNPATH_SEARCH_PATHS = (
					"$(inherited)",
					"@executable_path/../Frameworks",
				);
				MACOSX_DEPLOYMENT_TARGET = 11.0;
				PRODUCT_BUNDLE_IDENTIFIER = com.camlittle.DolphinController;
				PRODUCT_NAME = "Dolphin Ctrl Server";
				SDKROOT = macosx;
				SWIFT_VERSION = 5.0;
			};
			name = Debug;
		};
		C53D557726B43D4F00E1F75B /* Release */ = {
			isa = XCBuildConfiguration;
			buildSettings = {
				ASSETCATALOG_COMPILER_APPICON_NAME = AppIcon;
				ASSETCATALOG_COMPILER_GLOBAL_ACCENT_COLOR_NAME = AccentColor;
				CODE_SIGN_ENTITLEMENTS = macOS/macOS.entitlements;
				CODE_SIGN_STYLE = Automatic;
				COMBINE_HIDPI_IMAGES = YES;
				DEAD_CODE_STRIPPING = YES;
				DEVELOPMENT_TEAM = 6D9DLTQJSN;
				ENABLE_HARDENED_RUNTIME = YES;
				ENABLE_PREVIEWS = YES;
				INFOPLIST_FILE = macOS/Info.plist;
				LD_RUNPATH_SEARCH_PATHS = (
					"$(inherited)",
					"@executable_path/../Frameworks",
				);
				MACOSX_DEPLOYMENT_TARGET = 11.0;
				PRODUCT_BUNDLE_IDENTIFIER = com.camlittle.DolphinController;
				PRODUCT_NAME = "Dolphin Ctrl Server";
				SDKROOT = macosx;
				SWIFT_VERSION = 5.0;
			};
			name = Release;
		};
		C53D557926B43D4F00E1F75B /* Debug */ = {
			isa = XCBuildConfiguration;
			buildSettings = {
				ALWAYS_EMBED_SWIFT_STANDARD_LIBRARIES = YES;
				CODE_SIGN_STYLE = Automatic;
				DEVELOPMENT_TEAM = 6D9DLTQJSN;
				INFOPLIST_FILE = "Tests iOS/Info.plist";
				IPHONEOS_DEPLOYMENT_TARGET = 14.5;
				LD_RUNPATH_SEARCH_PATHS = (
					"$(inherited)",
					"@executable_path/Frameworks",
					"@loader_path/Frameworks",
				);
				PRODUCT_BUNDLE_IDENTIFIER = "com.camlittle.Tests-iOS";
				PRODUCT_NAME = "$(TARGET_NAME)";
				SDKROOT = iphoneos;
				SWIFT_VERSION = 5.0;
				TARGETED_DEVICE_FAMILY = "1,2";
				TEST_TARGET_NAME = "DolphinController (iOS)";
			};
			name = Debug;
		};
		C53D557A26B43D4F00E1F75B /* Release */ = {
			isa = XCBuildConfiguration;
			buildSettings = {
				ALWAYS_EMBED_SWIFT_STANDARD_LIBRARIES = YES;
				CODE_SIGN_STYLE = Automatic;
				DEVELOPMENT_TEAM = 6D9DLTQJSN;
				INFOPLIST_FILE = "Tests iOS/Info.plist";
				IPHONEOS_DEPLOYMENT_TARGET = 14.5;
				LD_RUNPATH_SEARCH_PATHS = (
					"$(inherited)",
					"@executable_path/Frameworks",
					"@loader_path/Frameworks",
				);
				PRODUCT_BUNDLE_IDENTIFIER = "com.camlittle.Tests-iOS";
				PRODUCT_NAME = "$(TARGET_NAME)";
				SDKROOT = iphoneos;
				SWIFT_VERSION = 5.0;
				TARGETED_DEVICE_FAMILY = "1,2";
				TEST_TARGET_NAME = "DolphinController (iOS)";
				VALIDATE_PRODUCT = YES;
			};
			name = Release;
		};
		C53D557C26B43D4F00E1F75B /* Debug */ = {
			isa = XCBuildConfiguration;
			buildSettings = {
				ALWAYS_EMBED_SWIFT_STANDARD_LIBRARIES = YES;
				CODE_SIGN_STYLE = Automatic;
				COMBINE_HIDPI_IMAGES = YES;
				DEAD_CODE_STRIPPING = YES;
				DEVELOPMENT_TEAM = 6D9DLTQJSN;
				INFOPLIST_FILE = "Tests macOS/Info.plist";
				LD_RUNPATH_SEARCH_PATHS = (
					"$(inherited)",
					"@executable_path/../Frameworks",
					"@loader_path/../Frameworks",
				);
				MACOSX_DEPLOYMENT_TARGET = 11.3;
				PRODUCT_BUNDLE_IDENTIFIER = "com.camlittle.Tests-macOS";
				PRODUCT_NAME = "$(TARGET_NAME)";
				SDKROOT = macosx;
				SWIFT_VERSION = 5.0;
				TEST_TARGET_NAME = "DolphinController (macOS)";
			};
			name = Debug;
		};
		C53D557D26B43D4F00E1F75B /* Release */ = {
			isa = XCBuildConfiguration;
			buildSettings = {
				ALWAYS_EMBED_SWIFT_STANDARD_LIBRARIES = YES;
				CODE_SIGN_STYLE = Automatic;
				COMBINE_HIDPI_IMAGES = YES;
				DEAD_CODE_STRIPPING = YES;
				DEVELOPMENT_TEAM = 6D9DLTQJSN;
				INFOPLIST_FILE = "Tests macOS/Info.plist";
				LD_RUNPATH_SEARCH_PATHS = (
					"$(inherited)",
					"@executable_path/../Frameworks",
					"@loader_path/../Frameworks",
				);
				MACOSX_DEPLOYMENT_TARGET = 11.3;
				PRODUCT_BUNDLE_IDENTIFIER = "com.camlittle.Tests-macOS";
				PRODUCT_NAME = "$(TARGET_NAME)";
				SDKROOT = macosx;
				SWIFT_VERSION = 5.0;
				TEST_TARGET_NAME = "DolphinController (macOS)";
			};
			name = Release;
		};
		C55E1CC82B23C002005A98F5 /* Debug */ = {
			isa = XCBuildConfiguration;
			buildSettings = {
				ASSETCATALOG_COMPILER_GENERATE_SWIFT_ASSET_SYMBOL_EXTENSIONS = YES;
				ASSETCATALOG_COMPILER_GLOBAL_ACCENT_COLOR_NAME = AccentColor;
				ASSETCATALOG_COMPILER_WIDGET_BACKGROUND_COLOR_NAME = WidgetBackground;
				CLANG_CXX_LANGUAGE_STANDARD = "gnu++20";
				CODE_SIGN_STYLE = Automatic;
				CURRENT_PROJECT_VERSION = 1;
				DEVELOPMENT_TEAM = 6D9DLTQJSN;
				GCC_C_LANGUAGE_STANDARD = gnu17;
				GENERATE_INFOPLIST_FILE = YES;
				INFOPLIST_FILE = WidgetExtension/Info.plist;
				INFOPLIST_KEY_CFBundleDisplayName = WidgetExtension;
				INFOPLIST_KEY_NSHumanReadableCopyright = "";
				IPHONEOS_DEPLOYMENT_TARGET = 17.0;
				LD_RUNPATH_SEARCH_PATHS = (
					"$(inherited)",
					"@executable_path/Frameworks",
					"@executable_path/../../Frameworks",
				);
				LOCALIZATION_PREFERS_STRING_CATALOGS = YES;
				MARKETING_VERSION = 1.0;
				PRODUCT_BUNDLE_IDENTIFIER = com.camlittle.DolphinController.WidgetExtension;
				PRODUCT_NAME = "$(TARGET_NAME)";
				SDKROOT = iphoneos;
				SKIP_INSTALL = YES;
				SWIFT_ACTIVE_COMPILATION_CONDITIONS = "DEBUG $(inherited)";
				SWIFT_EMIT_LOC_STRINGS = YES;
				SWIFT_VERSION = 5.0;
				TARGETED_DEVICE_FAMILY = "1,2";
			};
			name = Debug;
		};
		C55E1CC92B23C002005A98F5 /* Release */ = {
			isa = XCBuildConfiguration;
			buildSettings = {
				ASSETCATALOG_COMPILER_GENERATE_SWIFT_ASSET_SYMBOL_EXTENSIONS = YES;
				ASSETCATALOG_COMPILER_GLOBAL_ACCENT_COLOR_NAME = AccentColor;
				ASSETCATALOG_COMPILER_WIDGET_BACKGROUND_COLOR_NAME = WidgetBackground;
				CLANG_CXX_LANGUAGE_STANDARD = "gnu++20";
				CODE_SIGN_STYLE = Automatic;
				CURRENT_PROJECT_VERSION = 1;
				DEVELOPMENT_TEAM = 6D9DLTQJSN;
				GCC_C_LANGUAGE_STANDARD = gnu17;
				GENERATE_INFOPLIST_FILE = YES;
				INFOPLIST_FILE = WidgetExtension/Info.plist;
				INFOPLIST_KEY_CFBundleDisplayName = WidgetExtension;
				INFOPLIST_KEY_NSHumanReadableCopyright = "";
				IPHONEOS_DEPLOYMENT_TARGET = 17.0;
				LD_RUNPATH_SEARCH_PATHS = (
					"$(inherited)",
					"@executable_path/Frameworks",
					"@executable_path/../../Frameworks",
				);
				LOCALIZATION_PREFERS_STRING_CATALOGS = YES;
				MARKETING_VERSION = 1.0;
				PRODUCT_BUNDLE_IDENTIFIER = com.camlittle.DolphinController.WidgetExtension;
				PRODUCT_NAME = "$(TARGET_NAME)";
				SDKROOT = iphoneos;
				SKIP_INSTALL = YES;
				SWIFT_EMIT_LOC_STRINGS = YES;
				SWIFT_VERSION = 5.0;
				TARGETED_DEVICE_FAMILY = "1,2";
				VALIDATE_PRODUCT = YES;
			};
			name = Release;
		};
/* End XCBuildConfiguration section */

/* Begin XCConfigurationList section */
		C53D553F26B43D4C00E1F75B /* Build configuration list for PBXProject "DolphinController" */ = {
			isa = XCConfigurationList;
			buildConfigurations = (
				C53D557026B43D4F00E1F75B /* Debug */,
				C53D557126B43D4F00E1F75B /* Release */,
			);
			defaultConfigurationIsVisible = 0;
			defaultConfigurationName = Release;
		};
		C53D557226B43D4F00E1F75B /* Build configuration list for PBXNativeTarget "DolphinController (iOS)" */ = {
			isa = XCConfigurationList;
			buildConfigurations = (
				C53D557326B43D4F00E1F75B /* Debug */,
				C53D557426B43D4F00E1F75B /* Release */,
			);
			defaultConfigurationIsVisible = 0;
			defaultConfigurationName = Release;
		};
		C53D557526B43D4F00E1F75B /* Build configuration list for PBXNativeTarget "DolphinController (macOS)" */ = {
			isa = XCConfigurationList;
			buildConfigurations = (
				C53D557626B43D4F00E1F75B /* Debug */,
				C53D557726B43D4F00E1F75B /* Release */,
			);
			defaultConfigurationIsVisible = 0;
			defaultConfigurationName = Release;
		};
		C53D557826B43D4F00E1F75B /* Build configuration list for PBXNativeTarget "Tests iOS" */ = {
			isa = XCConfigurationList;
			buildConfigurations = (
				C53D557926B43D4F00E1F75B /* Debug */,
				C53D557A26B43D4F00E1F75B /* Release */,
			);
			defaultConfigurationIsVisible = 0;
			defaultConfigurationName = Release;
		};
		C53D557B26B43D4F00E1F75B /* Build configuration list for PBXNativeTarget "Tests macOS" */ = {
			isa = XCConfigurationList;
			buildConfigurations = (
				C53D557C26B43D4F00E1F75B /* Debug */,
				C53D557D26B43D4F00E1F75B /* Release */,
			);
			defaultConfigurationIsVisible = 0;
			defaultConfigurationName = Release;
		};
		C55E1CCA2B23C002005A98F5 /* Build configuration list for PBXNativeTarget "WidgetExtensionExtension" */ = {
			isa = XCConfigurationList;
			buildConfigurations = (
				C55E1CC82B23C002005A98F5 /* Debug */,
				C55E1CC92B23C002005A98F5 /* Release */,
			);
			defaultConfigurationIsVisible = 0;
			defaultConfigurationName = Release;
		};
/* End XCConfigurationList section */
	};
	rootObject = C53D553C26B43D4C00E1F75B /* Project object */;
}
